
Microsoft Visual Studio Solution File, Format Version 12.00
# Visual Studio Version 17
VisualStudioVersion = 17.4.33205.214
MinimumVisualStudioVersion = 10.0.40219.1
Project("{FAE04EC0-301F-11D3-BF4B-00C04F79EFBC}") = "OneStopShopping.Web", "OneStopShopping.Web\OneStopShopping.Web.csproj", "{3796654B-F8BF-42F2-A598-99399C04F326}"
EndProject
Project("{FAE04EC0-301F-11D3-BF4B-00C04F79EFBC}") = "OneStopShippong.Api", "OneStopShippong.Api\OneStopShippong.Api.csproj", "{E477090D-4C80-43CB-A4E8-41A71B8EBE70}"
EndProject
Project("{FAE04EC0-301F-11D3-BF4B-00C04F79EFBC}") = "OneStopShopping.Models", "OneStopShopping.Models\OneStopShopping.Models.csproj", "{9621D4A2-5E20-4EC6-B9F8-8BC07BBED1E1}"
EndProject
Global
	GlobalSection(SolutionConfigurationPlatforms) = preSolution
		Debug|Any CPU = Debug|Any CPU
		Release|Any CPU = Release|Any CPU
	EndGlobalSection
	GlobalSection(ProjectConfigurationPlatforms) = postSolution
		{3796654B-F8BF-42F2-A598-99399C04F326}.Debug|Any CPU.ActiveCfg = Debug|Any CPU
		{3796654B-F8BF-42F2-A598-99399C04F326}.Debug|Any CPU.Build.0 = Debug|Any CPU
		{3796654B-F8BF-42F2-A598-99399C04F326}.Release|Any CPU.ActiveCfg = Release|Any CPU
		{3796654B-F8BF-42F2-A598-99399C04F326}.Release|Any CPU.Build.0 = Release|Any CPU
		{E477090D-4C80-43CB-A4E8-41A71B8EBE70}.Debug|Any CPU.ActiveCfg = Debug|Any CPU
		{E477090D-4C80-43CB-A4E8-41A71B8EBE70}.Debug|Any CPU.Build.0 = Debug|Any CPU
		{E477090D-4C80-43CB-A4E8-41A71B8EBE70}.Release|Any CPU.ActiveCfg = Release|Any CPU
		{E477090D-4C80-43CB-A4E8-41A71B8EBE70}.Release|Any CPU.Build.0 = Release|Any CPU
		{9621D4A2-5E20-4EC6-B9F8-8BC07BBED1E1}.Debug|Any CPU.ActiveCfg = Debug|Any CPU
		{9621D4A2-5E20-4EC6-B9F8-8BC07BBED1E1}.Debug|Any CPU.Build.0 = Debug|Any CPU
		{9621D4A2-5E20-4EC6-B9F8-8BC07BBED1E1}.Release|Any CPU.ActiveCfg = Release|Any CPU
		{9621D4A2-5E20-4EC6-B9F8-8BC07BBED1E1}.Release|Any CPU.Build.0 = Release|Any CPU
	EndGlobalSection
	GlobalSection(SolutionProperties) = preSolution
		HideSolutionNode = FALSE
	EndGlobalSection
	GlobalSection(ExtensibilityGlobals) = postSolution
		SolutionGuid = {163A693B-49DE-4E88-B224-2E8984BF1D14}
	EndGlobalSection
EndGlobal
